
Microsoft Visual Studio Solution File, Format Version 12.00
# Visual Studio Version 17
VisualStudioVersion = 17.3.32825.248
MinimumVisualStudioVersion = 10.0.40219.1
Project("{FAE04EC0-301F-11D3-BF4B-00C04F79EFBC}") = "BTTH3", "BTTH3\BTTH3.csproj", "{C2832B74-9754-4FE1-ABED-8E2442892102}"
EndProject
Global
	GlobalSection(SolutionConfigurationPlatforms) = preSolution
		Debug|Any CPU = Debug|Any CPU
		Release|Any CPU = Release|Any CPU
	EndGlobalSection
	GlobalSection(ProjectConfigurationPlatforms) = postSolution
		{C2832B74-9754-4FE1-ABED-8E2442892102}.Debug|Any CPU.ActiveCfg = Debug|Any CPU
		{C2832B74-9754-4FE1-ABED-8E2442892102}.Debug|Any CPU.Build.0 = Debug|Any CPU
		{C2832B74-9754-4FE1-ABED-8E2442892102}.Release|Any CPU.ActiveCfg = Release|Any CPU
		{C2832B74-9754-4FE1-ABED-8E2442892102}.Release|Any CPU.Build.0 = Release|Any CPU
	EndGlobalSection
	GlobalSection(SolutionProperties) = preSolution
		HideSolutionNode = FALSE
	EndGlobalSection
	GlobalSection(ExtensibilityGlobals) = postSolution
		SolutionGuid = {F2DB9299-1411-44BF-9D82-2A75E5062FC6}
	EndGlobalSection
EndGlobal
